
Microsoft Visual Studio Solution File, Format Version 11.00
# Visual Studio 2010
# SharpDevelop 5.1
Project("{FAE04EC0-301F-11D3-BF4B-00C04F79EFBC}") = "puntodeventa", "puntodeventa.csproj", "{9075D1AF-4ECA-410D-993C-402DF979B92B}"
EndProject
Global
	GlobalSection(SolutionConfigurationPlatforms) = preSolution
		Debug|Any CPU = Debug|Any CPU
		Release|Any CPU = Release|Any CPU
	EndGlobalSection
	GlobalSection(ProjectConfigurationPlatforms) = postSolution
		{9075D1AF-4ECA-410D-993C-402DF979B92B}.Debug|Any CPU.ActiveCfg = Debug|Any CPU
		{9075D1AF-4ECA-410D-993C-402DF979B92B}.Debug|Any CPU.Build.0 = Debug|Any CPU
		{9075D1AF-4ECA-410D-993C-402DF979B92B}.Release|Any CPU.ActiveCfg = Release|Any CPU
		{9075D1AF-4ECA-410D-993C-402DF979B92B}.Release|Any CPU.Build.0 = Release|Any CPU
	EndGlobalSection
EndGlobal
